
Microsoft Visual Studio Solution File, Format Version 12.00
# Visual Studio Version 17
VisualStudioVersion = 17.3.32825.248
MinimumVisualStudioVersion = 10.0.40219.1
Project("{FAE04EC0-301F-11D3-BF4B-00C04F79EFBC}") = "Presentation", "Saqqara\Presentation.csproj", "{129CED87-6D71-4017-A395-3B2020C43F39}"
EndProject
Project("{FAE04EC0-301F-11D3-BF4B-00C04F79EFBC}") = "BusinessLayer", "BusinessLayer\BusinessLayer.csproj", "{13140EFB-2D02-4955-A1AC-05AA18DD5D38}"
EndProject
Global
	GlobalSection(SolutionConfigurationPlatforms) = preSolution
		Debug|Any CPU = Debug|Any CPU
		Release|Any CPU = Release|Any CPU
	EndGlobalSection
	GlobalSection(ProjectConfigurationPlatforms) = postSolution
		{129CED87-6D71-4017-A395-3B2020C43F39}.Debug|Any CPU.ActiveCfg = Debug|Any CPU
		{129CED87-6D71-4017-A395-3B2020C43F39}.Debug|Any CPU.Build.0 = Debug|Any CPU
		{129CED87-6D71-4017-A395-3B2020C43F39}.Release|Any CPU.ActiveCfg = Release|Any CPU
		{129CED87-6D71-4017-A395-3B2020C43F39}.Release|Any CPU.Build.0 = Release|Any CPU
		{13140EFB-2D02-4955-A1AC-05AA18DD5D38}.Debug|Any CPU.ActiveCfg = Debug|Any CPU
		{13140EFB-2D02-4955-A1AC-05AA18DD5D38}.Debug|Any CPU.Build.0 = Debug|Any CPU
		{13140EFB-2D02-4955-A1AC-05AA18DD5D38}.Release|Any CPU.ActiveCfg = Release|Any CPU
		{13140EFB-2D02-4955-A1AC-05AA18DD5D38}.Release|Any CPU.Build.0 = Release|Any CPU
	EndGlobalSection
	GlobalSection(SolutionProperties) = preSolution
		HideSolutionNode = FALSE
	EndGlobalSection
	GlobalSection(ExtensibilityGlobals) = postSolution
		SolutionGuid = {DCFF0ECC-E365-4D4F-9FA5-3FC16F1928D3}
	EndGlobalSection
EndGlobal
